
Microsoft Visual Studio Solution File, Format Version 12.00
# Visual Studio Version 17
VisualStudioVersion = 17.2.32526.322
MinimumVisualStudioVersion = 10.0.40219.1
Project("{FAE04EC0-301F-11D3-BF4B-00C04F79EFBC}") = "Inventory App", "Inventory App.csproj", "{05370092-6C0D-4A65-BC21-6E6A0AFE020E}"
EndProject
Global
	GlobalSection(SolutionConfigurationPlatforms) = preSolution
		Debug|Any CPU = Debug|Any CPU
		Release|Any CPU = Release|Any CPU
	EndGlobalSection
	GlobalSection(ProjectConfigurationPlatforms) = postSolution
		{05370092-6C0D-4A65-BC21-6E6A0AFE020E}.Debug|Any CPU.ActiveCfg = Debug|Any CPU
		{05370092-6C0D-4A65-BC21-6E6A0AFE020E}.Debug|Any CPU.Build.0 = Debug|Any CPU
		{05370092-6C0D-4A65-BC21-6E6A0AFE020E}.Release|Any CPU.ActiveCfg = Release|Any CPU
		{05370092-6C0D-4A65-BC21-6E6A0AFE020E}.Release|Any CPU.Build.0 = Release|Any CPU
	EndGlobalSection
	GlobalSection(SolutionProperties) = preSolution
		HideSolutionNode = FALSE
	EndGlobalSection
	GlobalSection(ExtensibilityGlobals) = postSolution
		SolutionGuid = {691D93E2-64AC-414F-AAEC-836B24125BAD}
	EndGlobalSection
EndGlobal
